
Microsoft Visual Studio Solution File, Format Version 12.00
# Visual Studio Version 17
VisualStudioVersion = 17.11.35222.181
MinimumVisualStudioVersion = 10.0.40219.1
Project("{9A19103F-16F7-4668-BE54-9A1E7A4F7556}") = "SciADV-Launcher", "SciADV-Launcher.csproj", "{1D99D817-29AC-462F-9203-CF48F68D2857}"
EndProject
Global
	GlobalSection(SolutionConfigurationPlatforms) = preSolution
		Debug|Any CPU = Debug|Any CPU
		Release|Any CPU = Release|Any CPU
	EndGlobalSection
	GlobalSection(ProjectConfigurationPlatforms) = postSolution
		{1D99D817-29AC-462F-9203-CF48F68D2857}.Debug|Any CPU.ActiveCfg = Debug|Any CPU
		{1D99D817-29AC-462F-9203-CF48F68D2857}.Debug|Any CPU.Build.0 = Debug|Any CPU
		{1D99D817-29AC-462F-9203-CF48F68D2857}.Release|Any CPU.ActiveCfg = Debug|Any CPU
		{1D99D817-29AC-462F-9203-CF48F68D2857}.Release|Any CPU.Build.0 = Debug|Any CPU
	EndGlobalSection
	GlobalSection(SolutionProperties) = preSolution
		HideSolutionNode = FALSE
	EndGlobalSection
	GlobalSection(ExtensibilityGlobals) = postSolution
		SolutionGuid = {EECD0E01-D7B3-4241-876E-6CB202A9DB6A}
	EndGlobalSection
EndGlobal
